
Microsoft Visual Studio Solution File, Format Version 10.00
# Visual Studio 2008
Project("{FAE04EC0-301F-11D3-BF4B-00C04F79EFBC}") = "jTask", "jTask\jTask.csproj", "{F98F7167-9048-414D-8B1B-F8169FD727BB}"
EndProject
Global
	GlobalSection(SolutionConfigurationPlatforms) = preSolution
		Debug|Any CPU = Debug|Any CPU
		Release|Any CPU = Release|Any CPU
	EndGlobalSection
	GlobalSection(ProjectConfigurationPlatforms) = postSolution
		{F98F7167-9048-414D-8B1B-F8169FD727BB}.Debug|Any CPU.ActiveCfg = Debug|Any CPU
		{F98F7167-9048-414D-8B1B-F8169FD727BB}.Debug|Any CPU.Build.0 = Debug|Any CPU
		{F98F7167-9048-414D-8B1B-F8169FD727BB}.Release|Any CPU.ActiveCfg = Release|Any CPU
		{F98F7167-9048-414D-8B1B-F8169FD727BB}.Release|Any CPU.Build.0 = Release|Any CPU
	EndGlobalSection
	GlobalSection(SolutionProperties) = preSolution
		HideSolutionNode = FALSE
	EndGlobalSection
EndGlobal
