
Microsoft Visual Studio Solution File, Format Version 10.00
# Visual Studio 2008
Project("{FAE04EC0-301F-11D3-BF4B-00C04F79EFBC}") = "jTaskWebForms", "jTaskWebForms\jTaskWebForms.csproj", "{B304442B-F4CF-4DE9-97CA-107AED108F01}"
EndProject
Project("{FAE04EC0-301F-11D3-BF4B-00C04F79EFBC}") = "jTask.Model", "jTask.Model\jTask.Model.csproj", "{7AC09FBB-29A5-4267-A7EE-4C864087EF76}"
EndProject
Global
	GlobalSection(SolutionConfigurationPlatforms) = preSolution
		Debug|Any CPU = Debug|Any CPU
		Release|Any CPU = Release|Any CPU
	EndGlobalSection
	GlobalSection(ProjectConfigurationPlatforms) = postSolution
		{B304442B-F4CF-4DE9-97CA-107AED108F01}.Debug|Any CPU.ActiveCfg = Debug|Any CPU
		{B304442B-F4CF-4DE9-97CA-107AED108F01}.Debug|Any CPU.Build.0 = Debug|Any CPU
		{B304442B-F4CF-4DE9-97CA-107AED108F01}.Release|Any CPU.ActiveCfg = Release|Any CPU
		{B304442B-F4CF-4DE9-97CA-107AED108F01}.Release|Any CPU.Build.0 = Release|Any CPU
		{7AC09FBB-29A5-4267-A7EE-4C864087EF76}.Debug|Any CPU.ActiveCfg = Debug|Any CPU
		{7AC09FBB-29A5-4267-A7EE-4C864087EF76}.Debug|Any CPU.Build.0 = Debug|Any CPU
		{7AC09FBB-29A5-4267-A7EE-4C864087EF76}.Release|Any CPU.ActiveCfg = Release|Any CPU
		{7AC09FBB-29A5-4267-A7EE-4C864087EF76}.Release|Any CPU.Build.0 = Release|Any CPU
	EndGlobalSection
	GlobalSection(SolutionProperties) = preSolution
		HideSolutionNode = FALSE
	EndGlobalSection
EndGlobal
